
Microsoft Visual Studio Solution File, Format Version 12.00
# Visual Studio 15
VisualStudioVersion = 15.0.26430.16
MinimumVisualStudioVersion = 10.0.40219.1
Project("{FAE04EC0-301F-11D3-BF4B-00C04F79EFBC}") = "WpfApplicationCalc", "WpfApplicationCalc\WpfApplicationCalc.csproj", "{0D6B9486-6386-477A-9579-00B92CDA41FE}"
EndProject
Project("{FAE04EC0-301F-11D3-BF4B-00C04F79EFBC}") = "UnitTestCalc", "UnitTestCalc\UnitTestCalc.csproj", "{0785E859-3BB3-4CF2-A783-639755E63B6B}"
EndProject
Global
	GlobalSection(SolutionConfigurationPlatforms) = preSolution
		Debug|Any CPU = Debug|Any CPU
		Release|Any CPU = Release|Any CPU
	EndGlobalSection
	GlobalSection(ProjectConfigurationPlatforms) = postSolution
		{0D6B9486-6386-477A-9579-00B92CDA41FE}.Debug|Any CPU.ActiveCfg = Debug|Any CPU
		{0D6B9486-6386-477A-9579-00B92CDA41FE}.Debug|Any CPU.Build.0 = Debug|Any CPU
		{0D6B9486-6386-477A-9579-00B92CDA41FE}.Release|Any CPU.ActiveCfg = Release|Any CPU
		{0D6B9486-6386-477A-9579-00B92CDA41FE}.Release|Any CPU.Build.0 = Release|Any CPU
		{0785E859-3BB3-4CF2-A783-639755E63B6B}.Debug|Any CPU.ActiveCfg = Debug|Any CPU
		{0785E859-3BB3-4CF2-A783-639755E63B6B}.Debug|Any CPU.Build.0 = Debug|Any CPU
		{0785E859-3BB3-4CF2-A783-639755E63B6B}.Release|Any CPU.ActiveCfg = Release|Any CPU
		{0785E859-3BB3-4CF2-A783-639755E63B6B}.Release|Any CPU.Build.0 = Release|Any CPU
	EndGlobalSection
	GlobalSection(SolutionProperties) = preSolution
		HideSolutionNode = FALSE
	EndGlobalSection
EndGlobal
